
Microsoft Visual Studio Solution File, Format Version 12.00
# Visual Studio Version 17
VisualStudioVersion = 17.2.32505.173
MinimumVisualStudioVersion = 10.0.40219.1
Project("{FAE04EC0-301F-11D3-BF4B-00C04F79EFBC}") = "GitApp2", "GitApp2\GitApp2.csproj", "{5B4F3BC4-C73B-4AE5-AAE8-2A5A80A43373}"
EndProject
Global
	GlobalSection(SolutionConfigurationPlatforms) = preSolution
		Debug|Any CPU = Debug|Any CPU
		Release|Any CPU = Release|Any CPU
	EndGlobalSection
	GlobalSection(ProjectConfigurationPlatforms) = postSolution
		{5B4F3BC4-C73B-4AE5-AAE8-2A5A80A43373}.Debug|Any CPU.ActiveCfg = Debug|Any CPU
		{5B4F3BC4-C73B-4AE5-AAE8-2A5A80A43373}.Debug|Any CPU.Build.0 = Debug|Any CPU
		{5B4F3BC4-C73B-4AE5-AAE8-2A5A80A43373}.Release|Any CPU.ActiveCfg = Release|Any CPU
		{5B4F3BC4-C73B-4AE5-AAE8-2A5A80A43373}.Release|Any CPU.Build.0 = Release|Any CPU
	EndGlobalSection
	GlobalSection(SolutionProperties) = preSolution
		HideSolutionNode = FALSE
	EndGlobalSection
	GlobalSection(ExtensibilityGlobals) = postSolution
		SolutionGuid = {08C9F9A8-3782-4ABD-88CB-3C0877A90A50}
	EndGlobalSection
EndGlobal
